{
  "version": 4,
  "terraform_version": "1.1.7",
  "serial": 208,
  "lineage": "22b6734f-1258-0e7c-5fbd-fed29829a4c4",
  "outputs": {},
  "resources": [
    {
      "mode": "managed",
      "type": "proxmox_vm_qemu",
      "name": "kube-master00",
      "provider": "provider[\"registry.terraform.io/telmate/proxmox\"]",
      "instances": [
        {
          "schema_version": 0,
          "attributes": {
            "additional_wait": 0,
            "agent": 1,
            "args": "",
            "automatic_reboot": true,
            "balloon": 0,
            "bios": "seabios",
            "boot": "c",
            "bootdisk": "scsi0",
            "bridge": "",
            "ci_wait": null,
            "cicustom": "",
            "cipassword": "",
            "ciuser": "ansible-op",
            "clone": "SRV-Ubuntu-Focal",
            "clone_wait": 0,
            "cloudinit_cdrom_storage": null,
            "cores": 8,
            "cpu": "host",
            "default_ipv4_address": "10.8.0.1",
            "define_connection_info": true,
            "desc": "",
            "disk": [
              {
                "aio": "",
                "backup": 0,
                "cache": "none",
                "discard": "",
                "file": "vm-103-disk-0",
                "format": "",
                "iothread": 0,
                "mbps": 0,
                "mbps_rd": 0,
                "mbps_rd_max": 0,
                "mbps_wr": 0,
                "mbps_wr_max": 0,
                "media": "",
                "replicate": 0,
                "size": "50380M",
                "slot": 0,
                "ssd": 0,
                "storage": "local-lvm",
                "storage_type": "lvmthin",
                "type": "scsi",
                "volume": "local-lvm:vm-103-disk-0"
              }
            ],
            "disk_gb": 0,
            "force_create": false,
            "force_recreate_on_change_of": null,
            "full_clone": false,
            "guest_agent_ready_timeout": 100,
            "hagroup": "",
            "hastate": "",
            "hotplug": "network,disk,usb",
            "id": "ml350p/qemu/103",
            "ipconfig0": "ip=10.8.0.1/24,gw=10.8.0.254",
            "ipconfig1": "",
            "ipconfig2": "",
            "ipconfig3": "",
            "ipconfig4": "",
            "ipconfig5": "",
            "iso": null,
            "kvm": true,
            "mac": "",
            "memory": 16384,
            "name": "kube-master00",
            "nameserver": "10.0.0.1",
            "network": [
              {
                "bridge": "vmbr150",
                "firewall": false,
                "link_down": false,
                "macaddr": "D6:53:9B:8E:20:A0",
                "model": "virtio",
                "mtu": 0,
                "queues": 0,
                "rate": 0,
                "tag": -1
              }
            ],
            "nic": "",
            "numa": false,
            "onboot": false,
            "oncreate": true,
            "os_network_config": null,
            "os_type": null,
            "pool": "",
            "preprovision": true,
            "pxe": null,
            "qemu_os": "other",
            "reboot_required": false,
            "scsihw": "virtio-scsi-pci",
            "searchdomain": "lab.mylocal",
            "serial": [],
            "sockets": 1,
            "ssh_forward_ip": null,
            "ssh_host": "10.8.0.1",
            "ssh_port": "22",
            "ssh_private_key": null,
            "ssh_user": null,
            "sshkeys": "ssh-ed25519 AAAAC3NzaC1lZDI1NTE5AAAAIDpEHNtySuF99P5t8RTO1TfZ4l3FynFErTqJQC6lM2TV ansible-op@ansible-server\n",
            "storage": "",
            "storage_type": "",
            "tablet": true,
            "tags": "",
            "target_node": "ml350p",
            "timeouts": null,
            "unused_disk": [],
            "usb": [],
            "vcpus": 0,
            "vga": [],
            "vlan": -1,
            "vmid": null
          },
          "sensitive_attributes": [],
          "private": "eyJlMmJmYjczMC1lY2FhLTExZTYtOGY4OC0zNDM2M2JjN2M0YzAiOnsiY3JlYXRlIjozMDAwMDAwMDAwMDAsImRlZmF1bHQiOjMwMDAwMDAwMDAwMCwiZGVsZXRlIjoxODAwMDAwMDAwMDAsInJlYWQiOjE4MDAwMDAwMDAwMCwidXBkYXRlIjoxODAwMDAwMDAwMDB9fQ=="
        }
      ]
    },
    {
      "mode": "managed",
      "type": "proxmox_vm_qemu",
      "name": "kube-nfs",
      "provider": "provider[\"registry.terraform.io/telmate/proxmox\"]",
      "instances": [
        {
          "schema_version": 0,
          "attributes": {
            "additional_wait": 0,
            "agent": 1,
            "args": "",
            "automatic_reboot": true,
            "balloon": 0,
            "bios": "seabios",
            "boot": "c",
            "bootdisk": "scsi0",
            "bridge": "",
            "ci_wait": null,
            "cicustom": "",
            "cipassword": "",
            "ciuser": "ansible-op",
            "clone": "SRV-Ubuntu-Focal-pved2",
            "clone_wait": 0,
            "cloudinit_cdrom_storage": null,
            "cores": 16,
            "cpu": "host",
            "default_ipv4_address": "10.8.0.200",
            "define_connection_info": true,
            "desc": "",
            "disk": [
              {
                "aio": "",
                "backup": 0,
                "cache": "none",
                "discard": "",
                "file": "vm-107-disk-0",
                "format": "",
                "iothread": 0,
                "mbps": 0,
                "mbps_rd": 0,
                "mbps_rd_max": 0,
                "mbps_wr": 0,
                "mbps_wr_max": 0,
                "media": "",
                "replicate": 0,
                "size": "408780M",
                "slot": 0,
                "ssd": 0,
                "storage": "pve-data2",
                "storage_type": "lvmthin",
                "type": "scsi",
                "volume": "pve-data2:vm-107-disk-0"
              }
            ],
            "disk_gb": 0,
            "force_create": false,
            "force_recreate_on_change_of": null,
            "full_clone": false,
            "guest_agent_ready_timeout": 100,
            "hagroup": "",
            "hastate": "",
            "hotplug": "network,disk,usb",
            "id": "ml350p/qemu/107",
            "ipconfig0": "ip=10.8.0.200/24,gw=10.8.0.254",
            "ipconfig1": "",
            "ipconfig2": "",
            "ipconfig3": "",
            "ipconfig4": "",
            "ipconfig5": "",
            "iso": null,
            "kvm": true,
            "mac": "",
            "memory": 8192,
            "name": "kube-nfs",
            "nameserver": "10.0.0.1",
            "network": [
              {
                "bridge": "vmbr150",
                "firewall": false,
                "link_down": false,
                "macaddr": "86:24:D8:4D:3E:46",
                "model": "virtio",
                "mtu": 0,
                "queues": 0,
                "rate": 0,
                "tag": -1
              }
            ],
            "nic": "",
            "numa": false,
            "onboot": false,
            "oncreate": true,
            "os_network_config": null,
            "os_type": null,
            "pool": "",
            "preprovision": true,
            "pxe": null,
            "qemu_os": "other",
            "reboot_required": false,
            "scsihw": "virtio-scsi-pci",
            "searchdomain": "lab.mylocal",
            "serial": [],
            "sockets": 1,
            "ssh_forward_ip": null,
            "ssh_host": "10.8.0.200",
            "ssh_port": "22",
            "ssh_private_key": null,
            "ssh_user": null,
            "sshkeys": "ssh-ed25519 AAAAC3NzaC1lZDI1NTE5AAAAIDpEHNtySuF99P5t8RTO1TfZ4l3FynFErTqJQC6lM2TV ansible-op@ansible-server\n",
            "storage": "",
            "storage_type": "",
            "tablet": true,
            "tags": "",
            "target_node": "ml350p",
            "timeouts": null,
            "unused_disk": [],
            "usb": [],
            "vcpus": 0,
            "vga": [],
            "vlan": -1,
            "vmid": null
          },
          "sensitive_attributes": [],
          "private": "eyJlMmJmYjczMC1lY2FhLTExZTYtOGY4OC0zNDM2M2JjN2M0YzAiOnsiY3JlYXRlIjozMDAwMDAwMDAwMDAsImRlZmF1bHQiOjMwMDAwMDAwMDAwMCwiZGVsZXRlIjoxODAwMDAwMDAwMDAsInJlYWQiOjE4MDAwMDAwMDAwMCwidXBkYXRlIjoxODAwMDAwMDAwMDB9fQ=="
        }
      ]
    },
    {
      "mode": "managed",
      "type": "proxmox_vm_qemu",
      "name": "kube-worker01",
      "provider": "provider[\"registry.terraform.io/telmate/proxmox\"]",
      "instances": [
        {
          "schema_version": 0,
          "attributes": {
            "additional_wait": 0,
            "agent": 1,
            "args": "",
            "automatic_reboot": true,
            "balloon": 0,
            "bios": "seabios",
            "boot": "c",
            "bootdisk": "scsi0",
            "bridge": "",
            "ci_wait": null,
            "cicustom": "",
            "cipassword": "",
            "ciuser": "ansible-op",
            "clone": "SRV-Ubuntu-Focal",
            "clone_wait": 0,
            "cloudinit_cdrom_storage": null,
            "cores": 4,
            "cpu": "host",
            "default_ipv4_address": "10.8.0.2",
            "define_connection_info": true,
            "desc": "",
            "disk": [
              {
                "aio": "",
                "backup": 0,
                "cache": "none",
                "discard": "",
                "file": "vm-106-disk-0",
                "format": "",
                "iothread": 0,
                "mbps": 0,
                "mbps_rd": 0,
                "mbps_rd_max": 0,
                "mbps_wr": 0,
                "mbps_wr_max": 0,
                "media": "",
                "replicate": 0,
                "size": "29900M",
                "slot": 0,
                "ssd": 0,
                "storage": "local-lvm",
                "storage_type": "lvmthin",
                "type": "scsi",
                "volume": "local-lvm:vm-106-disk-0"
              }
            ],
            "disk_gb": 0,
            "force_create": false,
            "force_recreate_on_change_of": null,
            "full_clone": false,
            "guest_agent_ready_timeout": 100,
            "hagroup": "",
            "hastate": "",
            "hotplug": "network,disk,usb",
            "id": "ml350p/qemu/106",
            "ipconfig0": "ip=10.8.0.2/24,gw=10.8.0.254",
            "ipconfig1": "",
            "ipconfig2": "",
            "ipconfig3": "",
            "ipconfig4": "",
            "ipconfig5": "",
            "iso": null,
            "kvm": true,
            "mac": "",
            "memory": 16384,
            "name": "kube-worker01",
            "nameserver": "10.0.0.1",
            "network": [
              {
                "bridge": "vmbr150",
                "firewall": false,
                "link_down": false,
                "macaddr": "E2:B4:D8:FB:C0:38",
                "model": "virtio",
                "mtu": 0,
                "queues": 0,
                "rate": 0,
                "tag": -1
              }
            ],
            "nic": "",
            "numa": false,
            "onboot": false,
            "oncreate": true,
            "os_network_config": null,
            "os_type": null,
            "pool": "",
            "preprovision": true,
            "pxe": null,
            "qemu_os": "other",
            "reboot_required": false,
            "scsihw": "virtio-scsi-pci",
            "searchdomain": "lab.mylocal",
            "serial": [],
            "sockets": 2,
            "ssh_forward_ip": null,
            "ssh_host": "10.8.0.2",
            "ssh_port": "22",
            "ssh_private_key": null,
            "ssh_user": null,
            "sshkeys": "ssh-ed25519 AAAAC3NzaC1lZDI1NTE5AAAAIDpEHNtySuF99P5t8RTO1TfZ4l3FynFErTqJQC6lM2TV ansible-op@ansible-server\n",
            "storage": "",
            "storage_type": "",
            "tablet": true,
            "tags": "",
            "target_node": "ml350p",
            "timeouts": null,
            "unused_disk": [],
            "usb": [],
            "vcpus": 0,
            "vga": [],
            "vlan": -1,
            "vmid": null
          },
          "sensitive_attributes": [],
          "private": "eyJlMmJmYjczMC1lY2FhLTExZTYtOGY4OC0zNDM2M2JjN2M0YzAiOnsiY3JlYXRlIjozMDAwMDAwMDAwMDAsImRlZmF1bHQiOjMwMDAwMDAwMDAwMCwiZGVsZXRlIjoxODAwMDAwMDAwMDAsInJlYWQiOjE4MDAwMDAwMDAwMCwidXBkYXRlIjoxODAwMDAwMDAwMDB9fQ=="
        }
      ]
    },
    {
      "mode": "managed",
      "type": "proxmox_vm_qemu",
      "name": "kube-worker02",
      "provider": "provider[\"registry.terraform.io/telmate/proxmox\"]",
      "instances": [
        {
          "schema_version": 0,
          "attributes": {
            "additional_wait": 0,
            "agent": 1,
            "args": "",
            "automatic_reboot": true,
            "balloon": 0,
            "bios": "seabios",
            "boot": "c",
            "bootdisk": "scsi0",
            "bridge": "",
            "ci_wait": null,
            "cicustom": "",
            "cipassword": "",
            "ciuser": "ansible-op",
            "clone": "SRV-Ubuntu-Focal",
            "clone_wait": 0,
            "cloudinit_cdrom_storage": null,
            "cores": 4,
            "cpu": "host",
            "default_ipv4_address": "10.8.0.3",
            "define_connection_info": true,
            "desc": "",
            "disk": [
              {
                "aio": "",
                "backup": 0,
                "cache": "none",
                "discard": "",
                "file": "vm-105-disk-0",
                "format": "",
                "iothread": 0,
                "mbps": 0,
                "mbps_rd": 0,
                "mbps_rd_max": 0,
                "mbps_wr": 0,
                "mbps_wr_max": 0,
                "media": "",
                "replicate": 0,
                "size": "29900M",
                "slot": 0,
                "ssd": 0,
                "storage": "local-lvm",
                "storage_type": "lvmthin",
                "type": "scsi",
                "volume": "local-lvm:vm-105-disk-0"
              }
            ],
            "disk_gb": 0,
            "force_create": false,
            "force_recreate_on_change_of": null,
            "full_clone": false,
            "guest_agent_ready_timeout": 100,
            "hagroup": "",
            "hastate": "",
            "hotplug": "network,disk,usb",
            "id": "ml350p/qemu/105",
            "ipconfig0": "ip=10.8.0.3/24,gw=10.8.0.254",
            "ipconfig1": "",
            "ipconfig2": "",
            "ipconfig3": "",
            "ipconfig4": "",
            "ipconfig5": "",
            "iso": null,
            "kvm": true,
            "mac": "",
            "memory": 16384,
            "name": "kube-worker02",
            "nameserver": "10.0.0.1",
            "network": [
              {
                "bridge": "vmbr150",
                "firewall": false,
                "link_down": false,
                "macaddr": "E2:FC:D4:85:06:41",
                "model": "virtio",
                "mtu": 0,
                "queues": 0,
                "rate": 0,
                "tag": -1
              }
            ],
            "nic": "",
            "numa": false,
            "onboot": false,
            "oncreate": true,
            "os_network_config": null,
            "os_type": null,
            "pool": "",
            "preprovision": true,
            "pxe": null,
            "qemu_os": "other",
            "reboot_required": false,
            "scsihw": "virtio-scsi-pci",
            "searchdomain": "lab.mylocal",
            "serial": [],
            "sockets": 2,
            "ssh_forward_ip": null,
            "ssh_host": "10.8.0.3",
            "ssh_port": "22",
            "ssh_private_key": null,
            "ssh_user": null,
            "sshkeys": "ssh-ed25519 AAAAC3NzaC1lZDI1NTE5AAAAIDpEHNtySuF99P5t8RTO1TfZ4l3FynFErTqJQC6lM2TV ansible-op@ansible-server\n",
            "storage": "",
            "storage_type": "",
            "tablet": true,
            "tags": "",
            "target_node": "ml350p",
            "timeouts": null,
            "unused_disk": [],
            "usb": [],
            "vcpus": 0,
            "vga": [],
            "vlan": -1,
            "vmid": null
          },
          "sensitive_attributes": [],
          "private": "eyJlMmJmYjczMC1lY2FhLTExZTYtOGY4OC0zNDM2M2JjN2M0YzAiOnsiY3JlYXRlIjozMDAwMDAwMDAwMDAsImRlZmF1bHQiOjMwMDAwMDAwMDAwMCwiZGVsZXRlIjoxODAwMDAwMDAwMDAsInJlYWQiOjE4MDAwMDAwMDAwMCwidXBkYXRlIjoxODAwMDAwMDAwMDB9fQ=="
        }
      ]
    }
  ]
}
